// !$*UTF8*$!
{
	archiveVersion = 1;
	classes = {
	};
	objectVersion = 46;
	objects = {

/* Begin PBXBuildFile section */
		8805CA1519F1532F005DB0E4 /* Light.cpp in Sources */ = {isa = PBXBuildFile; fileRef = 8805CA1319F1532F005DB0E4 /* Light.cpp */; };
		880D99C31A00043C003758B3 /* Animation.cpp in Sources */ = {isa = PBXBuildFile; fileRef = 880D99C11A00043C003758B3 /* Animation.cpp */; };
		880D99C61A0005E7003758B3 /* ControlPoint.cpp in Sources */ = {isa = PBXBuildFile; fileRef = 880D99C41A0005E7003758B3 /* ControlPoint.cpp */; };
		880E56E41A2E24B20024A510 /* Board.cpp in Sources */ = {isa = PBXBuildFile; fileRef = 880E56E21A2E24B20024A510 /* Board.cpp */; };
		880E56E91A2E26210024A510 /* PickInterface.cpp in Sources */ = {isa = PBXBuildFile; fileRef = 880E56E71A2E26210024A510 /* PickInterface.cpp */; };
		880E56EA1A2E26210024A510 /* PickScene.cpp in Sources */ = {isa = PBXBuildFile; fileRef = 880E56E81A2E26210024A510 /* PickScene.cpp */; };
		8841390B19ED51A100D550E0 /* Texture.cpp in Sources */ = {isa = PBXBuildFile; fileRef = 8841390919ED51A100D550E0 /* Texture.cpp */; };
		8841390E19ED5AC600D550E0 /* Appearance.cpp in Sources */ = {isa = PBXBuildFile; fileRef = 8841390C19ED5AC600D550E0 /* Appearance.cpp */; };
		885659E519E415DE002328BF /* Graph.cpp in Sources */ = {isa = PBXBuildFile; fileRef = 885659E319E415DE002328BF /* Graph.cpp */; };
		885659EB19E41744002328BF /* Transforms.cpp in Sources */ = {isa = PBXBuildFile; fileRef = 885659E919E41744002328BF /* Transforms.cpp */; };
		885659EE19E41919002328BF /* Primitives.cpp in Sources */ = {isa = PBXBuildFile; fileRef = 885659EC19E41919002328BF /* Primitives.cpp */; };
		885659F119E42294002328BF /* Node.cpp in Sources */ = {isa = PBXBuildFile; fileRef = 885659EF19E42294002328BF /* Node.cpp */; };
		88586FAB19EC5D1B00D2AB72 /* libglui.a in Frameworks */ = {isa = PBXBuildFile; fileRef = AA63E23116D4221C003287C6 /* libglui.a */; };
		88586FAE19EC5D3300D2AB72 /* libGLEW.1.11.0.dylib in Frameworks */ = {isa = PBXBuildFile; fileRef = 88586FAC19EC5D3300D2AB72 /* libGLEW.1.11.0.dylib */; };
		88586FAF19EC5D3300D2AB72 /* libGLEWmx.1.11.0.dylib in Frameworks */ = {isa = PBXBuildFile; fileRef = 88586FAD19EC5D3300D2AB72 /* libGLEWmx.1.11.0.dylib */; };
		88BD838B1A2E339700C42C96 /* Piece.cpp in Sources */ = {isa = PBXBuildFile; fileRef = 88BD83891A2E339700C42C96 /* Piece.cpp */; };
		88D587BB19D1CDED0010B547 /* ANFInterpreter.cpp in Sources */ = {isa = PBXBuildFile; fileRef = 88D587BA19D1CDED0010B547 /* ANFInterpreter.cpp */; };
		88D587C219D1CE2F0010B547 /* tinystr.cpp in Sources */ = {isa = PBXBuildFile; fileRef = 88D587BC19D1CE2E0010B547 /* tinystr.cpp */; };
		88D587C319D1CE2F0010B547 /* tinyxml.cpp in Sources */ = {isa = PBXBuildFile; fileRef = 88D587BE19D1CE2F0010B547 /* tinyxml.cpp */; };
		88D587C419D1CE2F0010B547 /* tinyxmlerror.cpp in Sources */ = {isa = PBXBuildFile; fileRef = 88D587C019D1CE2F0010B547 /* tinyxmlerror.cpp */; };
		88D587C519D1CE2F0010B547 /* tinyxmlparser.cpp in Sources */ = {isa = PBXBuildFile; fileRef = 88D587C119D1CE2F0010B547 /* tinyxmlparser.cpp */; };
		88D587D119D1DCAB0010B547 /* Globals.cpp in Sources */ = {isa = PBXBuildFile; fileRef = 88D587CF19D1DCAB0010B547 /* Globals.cpp */; };
		88D587D419D1E8500010B547 /* Camera.cpp in Sources */ = {isa = PBXBuildFile; fileRef = 88D587D219D1E8500010B547 /* Camera.cpp */; };
		88E71C6719DB0C180026EF9D /* TPInterface.cpp in Sources */ = {isa = PBXBuildFile; fileRef = 88E71C6519DB0C180026EF9D /* TPInterface.cpp */; };
		AA63E1BC16D41568003287C6 /* Scene.cpp in Sources */ = {isa = PBXBuildFile; fileRef = AA63E1B716D41568003287C6 /* Scene.cpp */; };
		AA63E1BD16D41568003287C6 /* ExampleObject.cpp in Sources */ = {isa = PBXBuildFile; fileRef = AA63E1B916D41568003287C6 /* ExampleObject.cpp */; };
		AA63E1BE16D41568003287C6 /* main.cpp in Sources */ = {isa = PBXBuildFile; fileRef = AA63E1BB16D41568003287C6 /* main.cpp */; };
		AA63E1CF16D415BF003287C6 /* OpenGL.framework in Frameworks */ = {isa = PBXBuildFile; fileRef = AA63E1CE16D415BF003287C6 /* OpenGL.framework */; };
		AA63E1D316D415CB003287C6 /* GLUT.framework in Frameworks */ = {isa = PBXBuildFile; fileRef = AA63E1D216D415CB003287C6 /* GLUT.framework */; };
		AA63E22E16D421B5003287C6 /* libCGF.a in Frameworks */ = {isa = PBXBuildFile; fileRef = AA63E22D16D421B5003287C6 /* libCGF.a */; };
/* End PBXBuildFile section */

/* Begin PBXCopyFilesBuildPhase section */
		AA63E1A916D41531003287C6 /* CopyFiles */ = {
			isa = PBXCopyFilesBuildPhase;
			buildActionMask = 12;
			dstPath = ../data;
			dstSubfolderSpec = 16;
			files = (
			);
			runOnlyForDeploymentPostprocessing = 0;
		};
/* End PBXCopyFilesBuildPhase section */

/* Begin PBXFileReference section */
		8805CA1319F1532F005DB0E4 /* Light.cpp */ = {isa = PBXFileReference; fileEncoding = 4; lastKnownFileType = sourcecode.cpp.cpp; name = Light.cpp; path = src/Light.cpp; sourceTree = SOURCE_ROOT; };
		8805CA1419F1532F005DB0E4 /* Light.h */ = {isa = PBXFileReference; fileEncoding = 4; lastKnownFileType = sourcecode.c.h; name = Light.h; path = src/Light.h; sourceTree = SOURCE_ROOT; };
		880D99C11A00043C003758B3 /* Animation.cpp */ = {isa = PBXFileReference; fileEncoding = 4; lastKnownFileType = sourcecode.cpp.cpp; name = Animation.cpp; path = src/Animation.cpp; sourceTree = SOURCE_ROOT; };
		880D99C21A00043C003758B3 /* Animation.h */ = {isa = PBXFileReference; fileEncoding = 4; lastKnownFileType = sourcecode.c.h; name = Animation.h; path = src/Animation.h; sourceTree = SOURCE_ROOT; };
		880D99C41A0005E7003758B3 /* ControlPoint.cpp */ = {isa = PBXFileReference; fileEncoding = 4; lastKnownFileType = sourcecode.cpp.cpp; name = ControlPoint.cpp; path = src/ControlPoint.cpp; sourceTree = SOURCE_ROOT; };
		880D99C51A0005E7003758B3 /* ControlPoint.h */ = {isa = PBXFileReference; fileEncoding = 4; lastKnownFileType = sourcecode.c.h; name = ControlPoint.h; path = src/ControlPoint.h; sourceTree = SOURCE_ROOT; };
		880E56E21A2E24B20024A510 /* Board.cpp */ = {isa = PBXFileReference; fileEncoding = 4; lastKnownFileType = sourcecode.cpp.cpp; name = Board.cpp; path = src/Board.cpp; sourceTree = SOURCE_ROOT; };
		880E56E31A2E24B20024A510 /* Board.h */ = {isa = PBXFileReference; fileEncoding = 4; lastKnownFileType = sourcecode.c.h; name = Board.h; path = src/Board.h; sourceTree = SOURCE_ROOT; };
		880E56E51A2E260A0024A510 /* PickInterface.h */ = {isa = PBXFileReference; lastKnownFileType = sourcecode.c.h; name = PickInterface.h; path = include/PickInterface.h; sourceTree = "<group>"; };
		880E56E61A2E260A0024A510 /* PickScene.h */ = {isa = PBXFileReference; lastKnownFileType = sourcecode.c.h; name = PickScene.h; path = include/PickScene.h; sourceTree = "<group>"; };
		880E56E71A2E26210024A510 /* PickInterface.cpp */ = {isa = PBXFileReference; fileEncoding = 4; lastKnownFileType = sourcecode.cpp.cpp; name = PickInterface.cpp; path = src/PickInterface.cpp; sourceTree = SOURCE_ROOT; };
		880E56E81A2E26210024A510 /* PickScene.cpp */ = {isa = PBXFileReference; fileEncoding = 4; lastKnownFileType = sourcecode.cpp.cpp; name = PickScene.cpp; path = src/PickScene.cpp; sourceTree = SOURCE_ROOT; };
		8841390919ED51A100D550E0 /* Texture.cpp */ = {isa = PBXFileReference; fileEncoding = 4; lastKnownFileType = sourcecode.cpp.cpp; name = Texture.cpp; path = src/Texture.cpp; sourceTree = SOURCE_ROOT; };
		8841390A19ED51A100D550E0 /* Texture.h */ = {isa = PBXFileReference; fileEncoding = 4; lastKnownFileType = sourcecode.c.h; name = Texture.h; path = src/Texture.h; sourceTree = SOURCE_ROOT; };
		8841390C19ED5AC600D550E0 /* Appearance.cpp */ = {isa = PBXFileReference; fileEncoding = 4; lastKnownFileType = sourcecode.cpp.cpp; name = Appearance.cpp; path = src/Appearance.cpp; sourceTree = SOURCE_ROOT; };
		8841390D19ED5AC600D550E0 /* Appearance.h */ = {isa = PBXFileReference; fileEncoding = 4; lastKnownFileType = sourcecode.c.h; name = Appearance.h; path = src/Appearance.h; sourceTree = SOURCE_ROOT; };
		885659E319E415DE002328BF /* Graph.cpp */ = {isa = PBXFileReference; fileEncoding = 4; lastKnownFileType = sourcecode.cpp.cpp; name = Graph.cpp; path = src/Graph.cpp; sourceTree = SOURCE_ROOT; };
		885659E419E415DE002328BF /* Graph.h */ = {isa = PBXFileReference; fileEncoding = 4; lastKnownFileType = sourcecode.c.h; name = Graph.h; path = src/Graph.h; sourceTree = SOURCE_ROOT; };
		885659E919E41744002328BF /* Transforms.cpp */ = {isa = PBXFileReference; fileEncoding = 4; lastKnownFileType = sourcecode.cpp.cpp; name = Transforms.cpp; path = src/Transforms.cpp; sourceTree = SOURCE_ROOT; };
		885659EA19E41744002328BF /* Transforms.h */ = {isa = PBXFileReference; fileEncoding = 4; lastKnownFileType = sourcecode.c.h; name = Transforms.h; path = src/Transforms.h; sourceTree = SOURCE_ROOT; };
		885659EC19E41919002328BF /* Primitives.cpp */ = {isa = PBXFileReference; fileEncoding = 4; lastKnownFileType = sourcecode.cpp.cpp; name = Primitives.cpp; path = src/Primitives.cpp; sourceTree = SOURCE_ROOT; };
		885659ED19E41919002328BF /* Primitives.h */ = {isa = PBXFileReference; fileEncoding = 4; lastKnownFileType = sourcecode.c.h; name = Primitives.h; path = src/Primitives.h; sourceTree = SOURCE_ROOT; };
		885659EF19E42294002328BF /* Node.cpp */ = {isa = PBXFileReference; fileEncoding = 4; lastKnownFileType = sourcecode.cpp.cpp; name = Node.cpp; path = src/Node.cpp; sourceTree = SOURCE_ROOT; };
		885659F019E42294002328BF /* Node.h */ = {isa = PBXFileReference; fileEncoding = 4; lastKnownFileType = sourcecode.c.h; name = Node.h; path = src/Node.h; sourceTree = SOURCE_ROOT; };
		88586FAC19EC5D3300D2AB72 /* libGLEW.1.11.0.dylib */ = {isa = PBXFileReference; lastKnownFileType = "compiled.mach-o.dylib"; name = libGLEW.1.11.0.dylib; path = ../../../../../../../usr/local/Cellar/glew/1.11.0/lib/libGLEW.1.11.0.dylib; sourceTree = "<group>"; };
		88586FAD19EC5D3300D2AB72 /* libGLEWmx.1.11.0.dylib */ = {isa = PBXFileReference; lastKnownFileType = "compiled.mach-o.dylib"; name = libGLEWmx.1.11.0.dylib; path = ../../../../../../../usr/local/Cellar/glew/1.11.0/lib/libGLEWmx.1.11.0.dylib; sourceTree = "<group>"; };
		88BD83891A2E339700C42C96 /* Piece.cpp */ = {isa = PBXFileReference; fileEncoding = 4; lastKnownFileType = sourcecode.cpp.cpp; name = Piece.cpp; path = src/Piece.cpp; sourceTree = SOURCE_ROOT; };
		88BD838A1A2E339700C42C96 /* Piece.h */ = {isa = PBXFileReference; fileEncoding = 4; lastKnownFileType = sourcecode.c.h; name = Piece.h; path = src/Piece.h; sourceTree = SOURCE_ROOT; };
		88D587BA19D1CDED0010B547 /* ANFInterpreter.cpp */ = {isa = PBXFileReference; fileEncoding = 4; lastKnownFileType = sourcecode.cpp.cpp; name = ANFInterpreter.cpp; path = src/ANFInterpreter.cpp; sourceTree = SOURCE_ROOT; };
		88D587BC19D1CE2E0010B547 /* tinystr.cpp */ = {isa = PBXFileReference; fileEncoding = 4; lastKnownFileType = sourcecode.cpp.cpp; path = tinystr.cpp; sourceTree = "<group>"; };
		88D587BD19D1CE2F0010B547 /* tinystr.h */ = {isa = PBXFileReference; fileEncoding = 4; lastKnownFileType = sourcecode.c.h; path = tinystr.h; sourceTree = "<group>"; };
		88D587BE19D1CE2F0010B547 /* tinyxml.cpp */ = {isa = PBXFileReference; fileEncoding = 4; lastKnownFileType = sourcecode.cpp.cpp; path = tinyxml.cpp; sourceTree = "<group>"; };
		88D587BF19D1CE2F0010B547 /* tinyxml.h */ = {isa = PBXFileReference; fileEncoding = 4; lastKnownFileType = sourcecode.c.h; path = tinyxml.h; sourceTree = "<group>"; };
		88D587C019D1CE2F0010B547 /* tinyxmlerror.cpp */ = {isa = PBXFileReference; fileEncoding = 4; lastKnownFileType = sourcecode.cpp.cpp; path = tinyxmlerror.cpp; sourceTree = "<group>"; };
		88D587C119D1CE2F0010B547 /* tinyxmlparser.cpp */ = {isa = PBXFileReference; fileEncoding = 4; lastKnownFileType = sourcecode.cpp.cpp; path = tinyxmlparser.cpp; sourceTree = "<group>"; };
		88D587C619D1D1140010B547 /* GLUI.framework */ = {isa = PBXFileReference; lastKnownFileType = wrapper.framework; name = GLUI.framework; path = ../../../../../../../Library/Frameworks/GLUI.framework; sourceTree = "<group>"; };
		88D587C819D1D1560010B547 /* libGLEW.1.10.0.dylib */ = {isa = PBXFileReference; lastKnownFileType = "compiled.mach-o.dylib"; name = libGLEW.1.10.0.dylib; path = ../../../../../../../opt/local/lib/libGLEW.1.10.0.dylib; sourceTree = "<group>"; };
		88D587C919D1D1560010B547 /* libGLEWmx.1.10.0.dylib */ = {isa = PBXFileReference; lastKnownFileType = "compiled.mach-o.dylib"; name = libGLEWmx.1.10.0.dylib; path = ../../../../../../../opt/local/lib/libGLEWmx.1.10.0.dylib; sourceTree = "<group>"; };
		88D587CC19D1D1B50010B547 /* ANFInterpreter.h */ = {isa = PBXFileReference; lastKnownFileType = sourcecode.c.h; name = ANFInterpreter.h; path = src/ANFInterpreter.h; sourceTree = SOURCE_ROOT; };
		88D587CF19D1DCAB0010B547 /* Globals.cpp */ = {isa = PBXFileReference; fileEncoding = 4; lastKnownFileType = sourcecode.cpp.cpp; name = Globals.cpp; path = src/Globals.cpp; sourceTree = SOURCE_ROOT; };
		88D587D019D1DCAB0010B547 /* Globals.h */ = {isa = PBXFileReference; fileEncoding = 4; lastKnownFileType = sourcecode.c.h; name = Globals.h; path = src/Globals.h; sourceTree = SOURCE_ROOT; };
		88D587D219D1E8500010B547 /* Camera.cpp */ = {isa = PBXFileReference; fileEncoding = 4; lastKnownFileType = sourcecode.cpp.cpp; name = Camera.cpp; path = src/Camera.cpp; sourceTree = SOURCE_ROOT; };
		88D587D319D1E8500010B547 /* Camera.h */ = {isa = PBXFileReference; fileEncoding = 4; lastKnownFileType = sourcecode.c.h; name = Camera.h; path = src/Camera.h; sourceTree = SOURCE_ROOT; };
		88E71C6519DB0C180026EF9D /* TPInterface.cpp */ = {isa = PBXFileReference; fileEncoding = 4; lastKnownFileType = sourcecode.cpp.cpp; name = TPInterface.cpp; path = src/TPInterface.cpp; sourceTree = SOURCE_ROOT; };
		88E71C6619DB0C180026EF9D /* TPInterface.h */ = {isa = PBXFileReference; fileEncoding = 4; lastKnownFileType = sourcecode.c.h; name = TPInterface.h; path = src/TPInterface.h; sourceTree = SOURCE_ROOT; };
		AA63E1AB16D41531003287C6 /* CGFExample */ = {isa = PBXFileReference; explicitFileType = "compiled.mach-o.executable"; includeInIndex = 0; path = CGFExample; sourceTree = BUILT_PRODUCTS_DIR; };
		AA63E1B716D41568003287C6 /* Scene.cpp */ = {isa = PBXFileReference; fileEncoding = 4; lastKnownFileType = sourcecode.cpp.cpp; name = Scene.cpp; path = src/Scene.cpp; sourceTree = SOURCE_ROOT; };
		AA63E1B816D41568003287C6 /* Scene.h */ = {isa = PBXFileReference; fileEncoding = 4; lastKnownFileType = sourcecode.c.h; name = Scene.h; path = src/Scene.h; sourceTree = SOURCE_ROOT; };
		AA63E1B916D41568003287C6 /* ExampleObject.cpp */ = {isa = PBXFileReference; fileEncoding = 4; lastKnownFileType = sourcecode.cpp.cpp; name = ExampleObject.cpp; path = src/ExampleObject.cpp; sourceTree = SOURCE_ROOT; };
		AA63E1BA16D41568003287C6 /* ExampleObject.h */ = {isa = PBXFileReference; fileEncoding = 4; lastKnownFileType = sourcecode.c.h; name = ExampleObject.h; path = src/ExampleObject.h; sourceTree = SOURCE_ROOT; };
		AA63E1BB16D41568003287C6 /* main.cpp */ = {isa = PBXFileReference; fileEncoding = 4; lastKnownFileType = sourcecode.cpp.cpp; name = main.cpp; path = src/main.cpp; sourceTree = SOURCE_ROOT; };
		AA63E1C116D415A6003287C6 /* CGFappearance.h */ = {isa = PBXFileReference; fileEncoding = 4; lastKnownFileType = sourcecode.c.h; name = CGFappearance.h; path = ../CGFlib/include/CGFappearance.h; sourceTree = "<group>"; };
		AA63E1C216D415A6003287C6 /* CGFapplication.h */ = {isa = PBXFileReference; fileEncoding = 4; lastKnownFileType = sourcecode.c.h; name = CGFapplication.h; path = ../CGFlib/include/CGFapplication.h; sourceTree = "<group>"; };
		AA63E1C316D415A6003287C6 /* CGFaxis.h */ = {isa = PBXFileReference; fileEncoding = 4; lastKnownFileType = sourcecode.c.h; name = CGFaxis.h; path = ../CGFlib/include/CGFaxis.h; sourceTree = "<group>"; };
		AA63E1C416D415A6003287C6 /* CGFcamera.h */ = {isa = PBXFileReference; fileEncoding = 4; lastKnownFileType = sourcecode.c.h; name = CGFcamera.h; path = ../CGFlib/include/CGFcamera.h; sourceTree = "<group>"; };
		AA63E1C516D415A6003287C6 /* CGFinterface.h */ = {isa = PBXFileReference; fileEncoding = 4; lastKnownFileType = sourcecode.c.h; name = CGFinterface.h; path = ../CGFlib/include/CGFinterface.h; sourceTree = "<group>"; };
		AA63E1C616D415A6003287C6 /* CGFlight.h */ = {isa = PBXFileReference; fileEncoding = 4; lastKnownFileType = sourcecode.c.h; name = CGFlight.h; path = ../CGFlib/include/CGFlight.h; sourceTree = "<group>"; };
		AA63E1C716D415A6003287C6 /* CGFobject.h */ = {isa = PBXFileReference; fileEncoding = 4; lastKnownFileType = sourcecode.c.h; name = CGFobject.h; path = ../CGFlib/include/CGFobject.h; sourceTree = "<group>"; };
		AA63E1C816D415A6003287C6 /* CGFscene.h */ = {isa = PBXFileReference; fileEncoding = 4; lastKnownFileType = sourcecode.c.h; name = CGFscene.h; path = ../CGFlib/include/CGFscene.h; sourceTree = "<group>"; };
		AA63E1C916D415A6003287C6 /* CGFshader.h */ = {isa = PBXFileReference; fileEncoding = 4; lastKnownFileType = sourcecode.c.h; name = CGFshader.h; path = ../CGFlib/include/CGFshader.h; sourceTree = "<group>"; };
		AA63E1CA16D415A6003287C6 /* CGFtexture.h */ = {isa = PBXFileReference; fileEncoding = 4; lastKnownFileType = sourcecode.c.h; name = CGFtexture.h; path = ../CGFlib/include/CGFtexture.h; sourceTree = "<group>"; };
		AA63E1CB16D415A6003287C6 /* imagetools.h */ = {isa = PBXFileReference; fileEncoding = 4; lastKnownFileType = sourcecode.c.h; name = imagetools.h; path = ../CGFlib/include/imagetools.h; sourceTree = "<group>"; };
		AA63E1CC16D415A6003287C6 /* stb_image_write.h */ = {isa = PBXFileReference; fileEncoding = 4; lastKnownFileType = sourcecode.c.h; name = stb_image_write.h; path = ../CGFlib/include/stb_image_write.h; sourceTree = "<group>"; };
		AA63E1CD16D415A6003287C6 /* version.h */ = {isa = PBXFileReference; fileEncoding = 4; lastKnownFileType = sourcecode.c.h; name = version.h; path = ../CGFlib/include/version.h; sourceTree = "<group>"; };
		AA63E1CE16D415BF003287C6 /* OpenGL.framework */ = {isa = PBXFileReference; lastKnownFileType = wrapper.framework; name = OpenGL.framework; path = System/Library/Frameworks/OpenGL.framework; sourceTree = SDKROOT; };
		AA63E1D016D415C6003287C6 /* CoreServices.framework */ = {isa = PBXFileReference; lastKnownFileType = wrapper.framework; name = CoreServices.framework; path = System/Library/Frameworks/CoreServices.framework; sourceTree = SDKROOT; };
		AA63E1D216D415CB003287C6 /* GLUT.framework */ = {isa = PBXFileReference; lastKnownFileType = wrapper.framework; name = GLUT.framework; path = System/Library/Frameworks/GLUT.framework; sourceTree = SDKROOT; };
		AA63E22D16D421B5003287C6 /* libCGF.a */ = {isa = PBXFileReference; lastKnownFileType = archive.ar; name = libCGF.a; path = ../CGFlib/lib/libCGF.a; sourceTree = "<group>"; };
		AA63E22F16D4221C003287C6 /* libGLEW.1.9.0.dylib */ = {isa = PBXFileReference; lastKnownFileType = "compiled.mach-o.dylib"; name = libGLEW.1.9.0.dylib; path = /usr/local/Cellar/glew/1.9.0/lib/libGLEW.1.9.0.dylib; sourceTree = "<absolute>"; };
		AA63E23016D4221C003287C6 /* libGLEWmx.1.9.0.dylib */ = {isa = PBXFileReference; lastKnownFileType = "compiled.mach-o.dylib"; name = libGLEWmx.1.9.0.dylib; path = /usr/local/Cellar/glew/1.9.0/lib/libGLEWmx.1.9.0.dylib; sourceTree = "<absolute>"; };
		AA63E23116D4221C003287C6 /* libglui.a */ = {isa = PBXFileReference; lastKnownFileType = archive.ar; name = libglui.a; path = /usr/local/Cellar/glui/2.36/lib/libglui.a; sourceTree = "<absolute>"; };
		D93D38531A4F0082009AC8C8 /* black_wood.jpg */ = {isa = PBXFileReference; lastKnownFileType = image.jpeg; path = black_wood.jpg; sourceTree = "<group>"; };
		D93D38541A4F0082009AC8C8 /* cena.anf */ = {isa = PBXFileReference; lastKnownFileType = text; path = cena.anf; sourceTree = "<group>"; };
		D93D38551A4F0082009AC8C8 /* cena1.anf */ = {isa = PBXFileReference; lastKnownFileType = text; path = cena1.anf; sourceTree = "<group>"; };
		D93D38561A4F0082009AC8C8 /* demograph.xml */ = {isa = PBXFileReference; lastKnownFileType = text.xml; path = demograph.xml; sourceTree = "<group>"; };
		D93D38571A4F0082009AC8C8 /* door.jpg */ = {isa = PBXFileReference; lastKnownFileType = image.jpeg; path = door.jpg; sourceTree = "<group>"; };
		D93D38581A4F0082009AC8C8 /* duff.png */ = {isa = PBXFileReference; lastKnownFileType = image.png; path = duff.png; sourceTree = "<group>"; };
		D93D38591A4F0082009AC8C8 /* floor.jpg */ = {isa = PBXFileReference; lastKnownFileType = image.jpeg; path = floor.jpg; sourceTree = "<group>"; };
		D93D385A1A4F0082009AC8C8 /* leaves.jpg */ = {isa = PBXFileReference; lastKnownFileType = image.jpeg; path = leaves.jpg; sourceTree = "<group>"; };
		D93D385B1A4F0082009AC8C8 /* normal_wood.jpg */ = {isa = PBXFileReference; lastKnownFileType = image.jpeg; path = normal_wood.jpg; sourceTree = "<group>"; };
		D93D385C1A4F0082009AC8C8 /* pirata.jpg */ = {isa = PBXFileReference; lastKnownFileType = image.jpeg; path = pirata.jpg; sourceTree = "<group>"; };
		D93D385D1A4F0082009AC8C8 /* pyramid.jpg */ = {isa = PBXFileReference; lastKnownFileType = image.jpeg; path = pyramid.jpg; sourceTree = "<group>"; };
		D93D385E1A4F0082009AC8C8 /* ricky.anf */ = {isa = PBXFileReference; lastKnownFileType = text; path = ricky.anf; sourceTree = "<group>"; };
		D93D385F1A4F0082009AC8C8 /* roof.jpg */ = {isa = PBXFileReference; lastKnownFileType = image.jpeg; path = roof.jpg; sourceTree = "<group>"; };
		D93D38601A4F0082009AC8C8 /* scene.xml */ = {isa = PBXFileReference; lastKnownFileType = text.xml; path = scene.xml; sourceTree = "<group>"; };
		D93D38611A4F0082009AC8C8 /* sea.jpg */ = {isa = PBXFileReference; lastKnownFileType = image.jpeg; path = sea.jpg; sourceTree = "<group>"; };
		D93D38621A4F0082009AC8C8 /* texshader.frag */ = {isa = PBXFileReference; lastKnownFileType = sourcecode.glsl; path = texshader.frag; sourceTree = "<group>"; };
		D93D38631A4F0082009AC8C8 /* texshader.vert */ = {isa = PBXFileReference; lastKnownFileType = sourcecode.glsl; path = texshader.vert; sourceTree = "<group>"; };
		D93D38641A4F0082009AC8C8 /* trunk.jpg */ = {isa = PBXFileReference; lastKnownFileType = image.jpeg; path = trunk.jpg; sourceTree = "<group>"; };
		D93D38651A4F0082009AC8C8 /* wall.jpg */ = {isa = PBXFileReference; lastKnownFileType = image.jpeg; path = wall.jpg; sourceTree = "<group>"; };
		D93D38661A4F0082009AC8C8 /* white_wood.jpg */ = {isa = PBXFileReference; lastKnownFileType = image.jpeg; path = white_wood.jpg; sourceTree = "<group>"; };
/* End PBXFileReference section */

/* Begin PBXFrameworksBuildPhase section */
		AA63E1A816D41531003287C6 /* Frameworks */ = {
			isa = PBXFrameworksBuildPhase;
			buildActionMask = 2147483647;
			files = (
				88586FAE19EC5D3300D2AB72 /* libGLEW.1.11.0.dylib in Frameworks */,
				88586FAF19EC5D3300D2AB72 /* libGLEWmx.1.11.0.dylib in Frameworks */,
				88586FAB19EC5D1B00D2AB72 /* libglui.a in Frameworks */,
				AA63E22E16D421B5003287C6 /* libCGF.a in Frameworks */,
				AA63E1D316D415CB003287C6 /* GLUT.framework in Frameworks */,
				AA63E1CF16D415BF003287C6 /* OpenGL.framework in Frameworks */,
			);
			runOnlyForDeploymentPostprocessing = 0;
		};
/* End PBXFrameworksBuildPhase section */

/* Begin PBXGroup section */
		AA63E1A216D41531003287C6 = {
			isa = PBXGroup;
			children = (
				88D587BC19D1CE2E0010B547 /* tinystr.cpp */,
				88D587BD19D1CE2F0010B547 /* tinystr.h */,
				88D587BE19D1CE2F0010B547 /* tinyxml.cpp */,
				88D587BF19D1CE2F0010B547 /* tinyxml.h */,
				88D587C019D1CE2F0010B547 /* tinyxmlerror.cpp */,
				88D587C119D1CE2F0010B547 /* tinyxmlparser.cpp */,
				AA63E1AD16D41531003287C6 /* CGFExample */,
				AA63E1C016D41575003287C6 /* CGF Include */,
				AA63E23916D422CA003287C6 /* data */,
				AA63E1BF16D4156E003287C6 /* Frameworks */,
				AA63E1AC16D41531003287C6 /* Products */,
			);
			sourceTree = "<group>";
		};
		AA63E1AC16D41531003287C6 /* Products */ = {
			isa = PBXGroup;
			children = (
				AA63E1AB16D41531003287C6 /* CGFExample */,
			);
			name = Products;
			sourceTree = "<group>";
		};
		AA63E1AD16D41531003287C6 /* CGFExample */ = {
			isa = PBXGroup;
			children = (
				880E56E71A2E26210024A510 /* PickInterface.cpp */,
				880E56E81A2E26210024A510 /* PickScene.cpp */,
				88D587CC19D1D1B50010B547 /* ANFInterpreter.h */,
				88D587BA19D1CDED0010B547 /* ANFInterpreter.cpp */,
				AA63E1B716D41568003287C6 /* Scene.cpp */,
				AA63E1B816D41568003287C6 /* Scene.h */,
				AA63E1B916D41568003287C6 /* ExampleObject.cpp */,
				AA63E1BA16D41568003287C6 /* ExampleObject.h */,
				AA63E1BB16D41568003287C6 /* main.cpp */,
				88D587CF19D1DCAB0010B547 /* Globals.cpp */,
				88D587D019D1DCAB0010B547 /* Globals.h */,
				88D587D219D1E8500010B547 /* Camera.cpp */,
				88D587D319D1E8500010B547 /* Camera.h */,
				885659E919E41744002328BF /* Transforms.cpp */,
				88E71C6519DB0C180026EF9D /* TPInterface.cpp */,
				88E71C6619DB0C180026EF9D /* TPInterface.h */,
				885659E319E415DE002328BF /* Graph.cpp */,
				885659E419E415DE002328BF /* Graph.h */,
				885659EA19E41744002328BF /* Transforms.h */,
				885659EC19E41919002328BF /* Primitives.cpp */,
				885659ED19E41919002328BF /* Primitives.h */,
				885659EF19E42294002328BF /* Node.cpp */,
				885659F019E42294002328BF /* Node.h */,
				8841390919ED51A100D550E0 /* Texture.cpp */,
				8841390A19ED51A100D550E0 /* Texture.h */,
				8841390C19ED5AC600D550E0 /* Appearance.cpp */,
				8841390D19ED5AC600D550E0 /* Appearance.h */,
				8805CA1319F1532F005DB0E4 /* Light.cpp */,
				8805CA1419F1532F005DB0E4 /* Light.h */,
				880D99C11A00043C003758B3 /* Animation.cpp */,
				880D99C21A00043C003758B3 /* Animation.h */,
				880D99C41A0005E7003758B3 /* ControlPoint.cpp */,
				880D99C51A0005E7003758B3 /* ControlPoint.h */,
				880E56E21A2E24B20024A510 /* Board.cpp */,
				880E56E31A2E24B20024A510 /* Board.h */,
				88BD83891A2E339700C42C96 /* Piece.cpp */,
				88BD838A1A2E339700C42C96 /* Piece.h */,
			);
			path = CGFExample;
			sourceTree = "<group>";
		};
		AA63E1BF16D4156E003287C6 /* Frameworks */ = {
			isa = PBXGroup;
			children = (
				88586FAC19EC5D3300D2AB72 /* libGLEW.1.11.0.dylib */,
				88586FAD19EC5D3300D2AB72 /* libGLEWmx.1.11.0.dylib */,
				88D587C819D1D1560010B547 /* libGLEW.1.10.0.dylib */,
				88D587C919D1D1560010B547 /* libGLEWmx.1.10.0.dylib */,
				88D587C619D1D1140010B547 /* GLUI.framework */,
				AA63E22F16D4221C003287C6 /* libGLEW.1.9.0.dylib */,
				AA63E23016D4221C003287C6 /* libGLEWmx.1.9.0.dylib */,
				AA63E23116D4221C003287C6 /* libglui.a */,
				AA63E22D16D421B5003287C6 /* libCGF.a */,
				AA63E1D216D415CB003287C6 /* GLUT.framework */,
				AA63E1D016D415C6003287C6 /* CoreServices.framework */,
				AA63E1CE16D415BF003287C6 /* OpenGL.framework */,
			);
			name = Frameworks;
			sourceTree = "<group>";
		};
		AA63E1C016D41575003287C6 /* CGF Include */ = {
			isa = PBXGroup;
			children = (
				880E56E51A2E260A0024A510 /* PickInterface.h */,
				880E56E61A2E260A0024A510 /* PickScene.h */,
				AA63E1C116D415A6003287C6 /* CGFappearance.h */,
				AA63E1C216D415A6003287C6 /* CGFapplication.h */,
				AA63E1C316D415A6003287C6 /* CGFaxis.h */,
				AA63E1C416D415A6003287C6 /* CGFcamera.h */,
				AA63E1C516D415A6003287C6 /* CGFinterface.h */,
				AA63E1C616D415A6003287C6 /* CGFlight.h */,
				AA63E1C716D415A6003287C6 /* CGFobject.h */,
				AA63E1C816D415A6003287C6 /* CGFscene.h */,
				AA63E1C916D415A6003287C6 /* CGFshader.h */,
				AA63E1CA16D415A6003287C6 /* CGFtexture.h */,
				AA63E1CB16D415A6003287C6 /* imagetools.h */,
				AA63E1CC16D415A6003287C6 /* stb_image_write.h */,
				AA63E1CD16D415A6003287C6 /* version.h */,
			);
			name = "CGF Include";
			sourceTree = "<group>";
		};
		AA63E23916D422CA003287C6 /* data */ = {
			isa = PBXGroup;
			children = (
				D93D38531A4F0082009AC8C8 /* black_wood.jpg */,
				D93D38541A4F0082009AC8C8 /* cena.anf */,
				D93D38551A4F0082009AC8C8 /* cena1.anf */,
				D93D38561A4F0082009AC8C8 /* demograph.xml */,
				D93D38571A4F0082009AC8C8 /* door.jpg */,
				D93D38581A4F0082009AC8C8 /* duff.png */,
				D93D38591A4F0082009AC8C8 /* floor.jpg */,
				D93D385A1A4F0082009AC8C8 /* leaves.jpg */,
				D93D385B1A4F0082009AC8C8 /* normal_wood.jpg */,
				D93D385C1A4F0082009AC8C8 /* pirata.jpg */,
				D93D385D1A4F0082009AC8C8 /* pyramid.jpg */,
				D93D385E1A4F0082009AC8C8 /* ricky.anf */,
				D93D385F1A4F0082009AC8C8 /* roof.jpg */,
				D93D38601A4F0082009AC8C8 /* scene.xml */,
				D93D38611A4F0082009AC8C8 /* sea.jpg */,
				D93D38621A4F0082009AC8C8 /* texshader.frag */,
				D93D38631A4F0082009AC8C8 /* texshader.vert */,
				D93D38641A4F0082009AC8C8 /* trunk.jpg */,
				D93D38651A4F0082009AC8C8 /* wall.jpg */,
				D93D38661A4F0082009AC8C8 /* white_wood.jpg */,
			);
			path = data;
			sourceTree = "<group>";
		};
/* End PBXGroup section */

/* Begin PBXNativeTarget section */
		AA63E1AA16D41531003287C6 /* CGFExample */ = {
			isa = PBXNativeTarget;
			buildConfigurationList = AA63E1B416D41531003287C6 /* Build configuration list for PBXNativeTarget "CGFExample" */;
			buildPhases = (
				AA63E1A716D41531003287C6 /* Sources */,
				AA63E1A816D41531003287C6 /* Frameworks */,
				AA63E1A916D41531003287C6 /* CopyFiles */,
			);
			buildRules = (
			);
			dependencies = (
			);
			name = CGFExample;
			productName = CGFExample;
			productReference = AA63E1AB16D41531003287C6 /* CGFExample */;
			productType = "com.apple.product-type.tool";
		};
/* End PBXNativeTarget section */

/* Begin PBXProject section */
		AA63E1A316D41531003287C6 /* Project object */ = {
			isa = PBXProject;
			attributes = {
				LastUpgradeCheck = 0460;
				ORGANIZATIONNAME = me;
			};
			buildConfigurationList = AA63E1A616D41531003287C6 /* Build configuration list for PBXProject "CGFExample" */;
			compatibilityVersion = "Xcode 3.2";
			developmentRegion = English;
			hasScannedForEncodings = 0;
			knownRegions = (
				en,
			);
			mainGroup = AA63E1A216D41531003287C6;
			productRefGroup = AA63E1AC16D41531003287C6 /* Products */;
			projectDirPath = "";
			projectRoot = "";
			targets = (
				AA63E1AA16D41531003287C6 /* CGFExample */,
			);
		};
/* End PBXProject section */

/* Begin PBXSourcesBuildPhase section */
		AA63E1A716D41531003287C6 /* Sources */ = {
			isa = PBXSourcesBuildPhase;
			buildActionMask = 2147483647;
			files = (
				88BD838B1A2E339700C42C96 /* Piece.cpp in Sources */,
				880E56E41A2E24B20024A510 /* Board.cpp in Sources */,
				8805CA1519F1532F005DB0E4 /* Light.cpp in Sources */,
				88D587BB19D1CDED0010B547 /* ANFInterpreter.cpp in Sources */,
				88D587C319D1CE2F0010B547 /* tinyxml.cpp in Sources */,
				88D587D419D1E8500010B547 /* Camera.cpp in Sources */,
				880D99C61A0005E7003758B3 /* ControlPoint.cpp in Sources */,
				880E56E91A2E26210024A510 /* PickInterface.cpp in Sources */,
				88D587C219D1CE2F0010B547 /* tinystr.cpp in Sources */,
				885659E519E415DE002328BF /* Graph.cpp in Sources */,
				AA63E1BC16D41568003287C6 /* Scene.cpp in Sources */,
				88D587C519D1CE2F0010B547 /* tinyxmlparser.cpp in Sources */,
				880E56EA1A2E26210024A510 /* PickScene.cpp in Sources */,
				AA63E1BD16D41568003287C6 /* ExampleObject.cpp in Sources */,
				88D587D119D1DCAB0010B547 /* Globals.cpp in Sources */,
				885659F119E42294002328BF /* Node.cpp in Sources */,
				88D587C419D1CE2F0010B547 /* tinyxmlerror.cpp in Sources */,
				AA63E1BE16D41568003287C6 /* main.cpp in Sources */,
				885659EE19E41919002328BF /* Primitives.cpp in Sources */,
				8841390B19ED51A100D550E0 /* Texture.cpp in Sources */,
				880D99C31A00043C003758B3 /* Animation.cpp in Sources */,
				885659EB19E41744002328BF /* Transforms.cpp in Sources */,
				88E71C6719DB0C180026EF9D /* TPInterface.cpp in Sources */,
				8841390E19ED5AC600D550E0 /* Appearance.cpp in Sources */,
			);
			runOnlyForDeploymentPostprocessing = 0;
		};
/* End PBXSourcesBuildPhase section */

/* Begin XCBuildConfiguration section */
		AA63E1B216D41531003287C6 /* Debug */ = {
			isa = XCBuildConfiguration;
			buildSettings = {
				ALWAYS_SEARCH_USER_PATHS = NO;
				ARCHS = "$(ARCHS_STANDARD_64_BIT)";
				CLANG_CXX_LANGUAGE_STANDARD = "gnu++0x";
				CLANG_CXX_LIBRARY = "libc++";
				CLANG_WARN_CONSTANT_CONVERSION = YES;
				CLANG_WARN_EMPTY_BODY = YES;
				CLANG_WARN_ENUM_CONVERSION = YES;
				CLANG_WARN_INT_CONVERSION = YES;
				CLANG_WARN__DUPLICATE_METHOD_MATCH = YES;
				COPY_PHASE_STRIP = NO;
				GCC_C_LANGUAGE_STANDARD = gnu99;
				GCC_DYNAMIC_NO_PIC = NO;
				GCC_ENABLE_OBJC_EXCEPTIONS = YES;
				GCC_OPTIMIZATION_LEVEL = 0;
				GCC_PREPROCESSOR_DEFINITIONS = (
					"DEBUG=1",
					"$(inherited)",
				);
				GCC_SYMBOLS_PRIVATE_EXTERN = NO;
				GCC_WARN_64_TO_32_BIT_CONVERSION = NO;
				GCC_WARN_ABOUT_RETURN_TYPE = YES;
				GCC_WARN_UNINITIALIZED_AUTOS = YES;
				GCC_WARN_UNUSED_VARIABLE = YES;
				MACOSX_DEPLOYMENT_TARGET = 10.8;
				ONLY_ACTIVE_ARCH = YES;
				SDKROOT = macosx;
			};
			name = Debug;
		};
		AA63E1B316D41531003287C6 /* Release */ = {
			isa = XCBuildConfiguration;
			buildSettings = {
				ALWAYS_SEARCH_USER_PATHS = NO;
				ARCHS = "$(ARCHS_STANDARD_64_BIT)";
				CLANG_CXX_LANGUAGE_STANDARD = "gnu++0x";
				CLANG_CXX_LIBRARY = "libc++";
				CLANG_WARN_CONSTANT_CONVERSION = YES;
				CLANG_WARN_EMPTY_BODY = YES;
				CLANG_WARN_ENUM_CONVERSION = YES;
				CLANG_WARN_INT_CONVERSION = YES;
				CLANG_WARN__DUPLICATE_METHOD_MATCH = YES;
				COPY_PHASE_STRIP = YES;
				DEBUG_INFORMATION_FORMAT = "dwarf-with-dsym";
				GCC_C_LANGUAGE_STANDARD = gnu99;
				GCC_ENABLE_OBJC_EXCEPTIONS = YES;
				GCC_WARN_64_TO_32_BIT_CONVERSION = NO;
				GCC_WARN_ABOUT_RETURN_TYPE = YES;
				GCC_WARN_UNINITIALIZED_AUTOS = YES;
				GCC_WARN_UNUSED_VARIABLE = YES;
				MACOSX_DEPLOYMENT_TARGET = 10.8;
				SDKROOT = macosx;
			};
			name = Release;
		};
		AA63E1B516D41531003287C6 /* Debug */ = {
			isa = XCBuildConfiguration;
			buildSettings = {
				FRAMEWORK_SEARCH_PATHS = (
					"$(inherited)",
					"$(LOCAL_LIBRARY_DIR)/Frameworks",
				);
				GCC_VERSION = "";
				HEADER_SEARCH_PATHS = /usr/local/include;
				LIBRARY_SEARCH_PATHS = (
					"$(inherited)",
					"\"$(SRCROOT)/../CGFlib/lib\"",
					/usr/local/Cellar/glew/1.9.0/lib,
					/usr/local/Cellar/glui/2.36/lib,
					/opt/local/lib,
					"/Users/josemiguelmelo/Documents/FEUP/LAIG/CGFlib-master/CGFlib/lib",
					/usr/local/Cellar/glew/1.11.0/lib,
				);
				PRODUCT_NAME = "$(TARGET_NAME)";
			};
			name = Debug;
		};
		AA63E1B616D41531003287C6 /* Release */ = {
			isa = XCBuildConfiguration;
			buildSettings = {
				FRAMEWORK_SEARCH_PATHS = (
					"$(inherited)",
					"$(LOCAL_LIBRARY_DIR)/Frameworks",
				);
				GCC_VERSION = "";
				HEADER_SEARCH_PATHS = /usr/local/include;
				LIBRARY_SEARCH_PATHS = (
					"$(inherited)",
					"\"$(SRCROOT)/../CGFlib/lib\"",
					/usr/local/Cellar/glew/1.9.0/lib,
					/usr/local/Cellar/glui/2.36/lib,
					/opt/local/lib,
					"/Users/josemiguelmelo/Documents/FEUP/LAIG/CGFlib-master/CGFlib/lib",
					/usr/local/Cellar/glew/1.11.0/lib,
				);
				PRODUCT_NAME = "$(TARGET_NAME)";
			};
			name = Release;
		};
/* End XCBuildConfiguration section */

/* Begin XCConfigurationList section */
		AA63E1A616D41531003287C6 /* Build configuration list for PBXProject "CGFExample" */ = {
			isa = XCConfigurationList;
			buildConfigurations = (
				AA63E1B216D41531003287C6 /* Debug */,
				AA63E1B316D41531003287C6 /* Release */,
			);
			defaultConfigurationIsVisible = 0;
			defaultConfigurationName = Release;
		};
		AA63E1B416D41531003287C6 /* Build configuration list for PBXNativeTarget "CGFExample" */ = {
			isa = XCConfigurationList;
			buildConfigurations = (
				AA63E1B516D41531003287C6 /* Debug */,
				AA63E1B616D41531003287C6 /* Release */,
			);
			defaultConfigurationIsVisible = 0;
			defaultConfigurationName = Release;
		};
/* End XCConfigurationList section */
	};
	rootObject = AA63E1A316D41531003287C6 /* Project object */;
}
